Microsoft Visual Studio Solution File, Format Version 11.00
# Visual Studio 2008

Project("{0885743A-62CE-201E-296F-957A07F5F48B}") = "Idle Game", "Assembly-CSharp.csproj", "{E80E9977-2DDF-774F-38D9-C54F28D0CC0B}"
EndProject
Global
	GlobalSection(SolutionConfigurationPlatforms) = preSolution
		Debug|Any CPU = Debug|Any CPU
		Release|Any CPU = Release|Any CPU
	EndGlobalSection
	GlobalSection(ProjectConfigurationPlatforms) = postSolution
		{E80E9977-2DDF-774F-38D9-C54F28D0CC0B}.Debug|Any CPU.ActiveCfg = Debug|Any CPU
		{E80E9977-2DDF-774F-38D9-C54F28D0CC0B}.Debug|Any CPU.Build.0 = Debug|Any CPU
		{E80E9977-2DDF-774F-38D9-C54F28D0CC0B}.Release|Any CPU.ActiveCfg = Release|Any CPU
		{E80E9977-2DDF-774F-38D9-C54F28D0CC0B}.Release|Any CPU.Build.0 = Release|Any CPU
	EndGlobalSection
	GlobalSection(SolutionProperties) = preSolution
		HideSolutionNode = FALSE
	EndGlobalSection
																	GlobalSection(MonoDevelopProperties) = preSolution
		StartupItem = Assembly-CSharp.csproj
		Policies = $0
		$0.TextStylePolicy = $1
		$1.inheritsSet = null
		$1.scope = text/x-csharp
		$0.CSharpFormattingPolicy = $2
		$2.inheritsSet = Mono
		$2.inheritsScope = text/x-csharp
		$2.scope = text/x-csharp
		$0.TextStylePolicy = $3
		$3.FileWidth = 120
		$3.TabWidth = 4
		$3.IndentWidth = 4
		$3.EolMarker = Unix
		$3.inheritsSet = Mono
		$3.inheritsScope = text/plain
		$3.scope = text/plain
	EndGlobalSection

EndGlobal
